
Microsoft Visual Studio Solution File, Format Version 12.00
# Visual Studio Version 16
VisualStudioVersion = 25.0.1706.7
MinimumVisualStudioVersion = 10.0.40219.1
Project("{2150E333-8FDC-42A3-9474-1A3956D46DE8}") = "Services", "Services", "{22510133-761F-4D6B-98D3-DD05FA2DF04B}"
EndProject
Project("{2150E333-8FDC-42A3-9474-1A3956D46DE8}") = "Catalog", "Catalog", "{E7AAFB22-010A-4BE3-BC29-1A89BDD38000}"
EndProject
Project("{FAE04EC0-301F-11D3-BF4B-00C04F79EFBC}") = "FreeCourse.Services.Catalog", "Services\Catalog\FreeCourse.Services.Catalog\FreeCourse.Services.Catalog.csproj", "{5B275BE0-8C23-4A6A-BB94-760E59B88611}"
EndProject
Global
	GlobalSection(SolutionConfigurationPlatforms) = preSolution
		Debug|Any CPU = Debug|Any CPU
		Release|Any CPU = Release|Any CPU
	EndGlobalSection
	GlobalSection(ProjectConfigurationPlatforms) = postSolution
		{5B275BE0-8C23-4A6A-BB94-760E59B88611}.Debug|Any CPU.ActiveCfg = Debug|Any CPU
		{5B275BE0-8C23-4A6A-BB94-760E59B88611}.Debug|Any CPU.Build.0 = Debug|Any CPU
		{5B275BE0-8C23-4A6A-BB94-760E59B88611}.Release|Any CPU.ActiveCfg = Release|Any CPU
		{5B275BE0-8C23-4A6A-BB94-760E59B88611}.Release|Any CPU.Build.0 = Release|Any CPU
	EndGlobalSection
	GlobalSection(SolutionProperties) = preSolution
		HideSolutionNode = FALSE
	EndGlobalSection
	GlobalSection(ExtensibilityGlobals) = postSolution
		SolutionGuid = {BB997BB6-583E-4A59-A155-1AA7DB8E6A69}
	EndGlobalSection
	GlobalSection(NestedProjects) = preSolution
		{E7AAFB22-010A-4BE3-BC29-1A89BDD38000} = {22510133-761F-4D6B-98D3-DD05FA2DF04B}
		{5B275BE0-8C23-4A6A-BB94-760E59B88611} = {E7AAFB22-010A-4BE3-BC29-1A89BDD38000}
	EndGlobalSection
EndGlobal
